
Microsoft Visual Studio Solution File, Format Version 12.00
# Visual Studio Version 17
VisualStudioVersion = 17.9.34728.123
MinimumVisualStudioVersion = 10.0.40219.1
Project("{9A19103F-16F7-4668-BE54-9A1E7A4F7556}") = "Mypple MusicV2", "Mypple MusicV2\Mypple MusicV2.csproj", "{36688742-1C3C-42C3-855E-A077C34B505C}"
EndProject
Project("{FAE04EC0-301F-11D3-BF4B-00C04F79EFBC}") = "Common", "Common\Common.csproj", "{6DBF957D-EDCE-4656-AB14-891D2396EBD8}"
EndProject
Global
	GlobalSection(SolutionConfigurationPlatforms) = preSolution
		Debug|Any CPU = Debug|Any CPU
		Release|Any CPU = Release|Any CPU
	EndGlobalSection
	GlobalSection(ProjectConfigurationPlatforms) = postSolution
		{36688742-1C3C-42C3-855E-A077C34B505C}.Debug|Any CPU.ActiveCfg = Debug|Any CPU
		{36688742-1C3C-42C3-855E-A077C34B505C}.Debug|Any CPU.Build.0 = Debug|Any CPU
		{36688742-1C3C-42C3-855E-A077C34B505C}.Release|Any CPU.ActiveCfg = Release|Any CPU
		{36688742-1C3C-42C3-855E-A077C34B505C}.Release|Any CPU.Build.0 = Release|Any CPU
		{6DBF957D-EDCE-4656-AB14-891D2396EBD8}.Debug|Any CPU.ActiveCfg = Debug|Any CPU
		{6DBF957D-EDCE-4656-AB14-891D2396EBD8}.Debug|Any CPU.Build.0 = Debug|Any CPU
		{6DBF957D-EDCE-4656-AB14-891D2396EBD8}.Release|Any CPU.ActiveCfg = Release|Any CPU
		{6DBF957D-EDCE-4656-AB14-891D2396EBD8}.Release|Any CPU.Build.0 = Release|Any CPU
	EndGlobalSection
	GlobalSection(SolutionProperties) = preSolution
		HideSolutionNode = FALSE
	EndGlobalSection
	GlobalSection(ExtensibilityGlobals) = postSolution
		SolutionGuid = {C3C74BA9-BB0F-4CD8-A909-E036AD3A7E06}
	EndGlobalSection
EndGlobal
